
Microsoft Visual Studio Solution File, Format Version 12.00
# Visual Studio Version 16
VisualStudioVersion = 16.0.31702.278
MinimumVisualStudioVersion = 10.0.40219.1
Project("{FAE04EC0-301F-11D3-BF4B-00C04F79EFBC}") = "ManageSchedule", "ManageSchedule\ManageSchedule.csproj", "{81304F34-2424-4ECA-BAB6-2D2E6D818689}"
EndProject
Global
	GlobalSection(SolutionConfigurationPlatforms) = preSolution
		Debug|Any CPU = Debug|Any CPU
		Release|Any CPU = Release|Any CPU
	EndGlobalSection
	GlobalSection(ProjectConfigurationPlatforms) = postSolution
		{81304F34-2424-4ECA-BAB6-2D2E6D818689}.Debug|Any CPU.ActiveCfg = Debug|Any CPU
		{81304F34-2424-4ECA-BAB6-2D2E6D818689}.Debug|Any CPU.Build.0 = Debug|Any CPU
		{81304F34-2424-4ECA-BAB6-2D2E6D818689}.Release|Any CPU.ActiveCfg = Release|Any CPU
		{81304F34-2424-4ECA-BAB6-2D2E6D818689}.Release|Any CPU.Build.0 = Release|Any CPU
	EndGlobalSection
	GlobalSection(SolutionProperties) = preSolution
		HideSolutionNode = FALSE
	EndGlobalSection
	GlobalSection(ExtensibilityGlobals) = postSolution
		SolutionGuid = {08505520-9B9B-460C-A43E-4E13CE8E869B}
	EndGlobalSection
EndGlobal
