
Microsoft Visual Studio Solution File, Format Version 12.00
# Visual Studio Version 16
VisualStudioVersion = 16.0.31702.278
MinimumVisualStudioVersion = 10.0.40219.1
Project("{FAE04EC0-301F-11D3-BF4B-00C04F79EFBC}") = "DemoUI", "DemoUI\DemoUI.csproj", "{D93AC4E1-0186-413B-8D9D-A89B5CD7205A}"
EndProject
Global
	GlobalSection(SolutionConfigurationPlatforms) = preSolution
		Debug|Any CPU = Debug|Any CPU
		Release|Any CPU = Release|Any CPU
	EndGlobalSection
	GlobalSection(ProjectConfigurationPlatforms) = postSolution
		{D93AC4E1-0186-413B-8D9D-A89B5CD7205A}.Debug|Any CPU.ActiveCfg = Debug|Any CPU
		{D93AC4E1-0186-413B-8D9D-A89B5CD7205A}.Debug|Any CPU.Build.0 = Debug|Any CPU
		{D93AC4E1-0186-413B-8D9D-A89B5CD7205A}.Release|Any CPU.ActiveCfg = Release|Any CPU
		{D93AC4E1-0186-413B-8D9D-A89B5CD7205A}.Release|Any CPU.Build.0 = Release|Any CPU
	EndGlobalSection
	GlobalSection(SolutionProperties) = preSolution
		HideSolutionNode = FALSE
	EndGlobalSection
	GlobalSection(ExtensibilityGlobals) = postSolution
		SolutionGuid = {8E6545C7-F37E-4CFD-80F4-4090B8861086}
	EndGlobalSection
EndGlobal
