
Microsoft Visual Studio Solution File, Format Version 12.00
# Visual Studio Version 16
VisualStudioVersion = 16.0.31702.278
MinimumVisualStudioVersion = 10.0.40219.1
Project("{FAE04EC0-301F-11D3-BF4B-00C04F79EFBC}") = "ImportExcelFile", "ImportExcelFile\ImportExcelFile.csproj", "{7E443BB2-1855-46F4-8948-4AA8F9A13B48}"
EndProject
Global
	GlobalSection(SolutionConfigurationPlatforms) = preSolution
		Debug|Any CPU = Debug|Any CPU
		Release|Any CPU = Release|Any CPU
	EndGlobalSection
	GlobalSection(ProjectConfigurationPlatforms) = postSolution
		{7E443BB2-1855-46F4-8948-4AA8F9A13B48}.Debug|Any CPU.ActiveCfg = Debug|Any CPU
		{7E443BB2-1855-46F4-8948-4AA8F9A13B48}.Debug|Any CPU.Build.0 = Debug|Any CPU
		{7E443BB2-1855-46F4-8948-4AA8F9A13B48}.Release|Any CPU.ActiveCfg = Release|Any CPU
		{7E443BB2-1855-46F4-8948-4AA8F9A13B48}.Release|Any CPU.Build.0 = Release|Any CPU
	EndGlobalSection
	GlobalSection(SolutionProperties) = preSolution
		HideSolutionNode = FALSE
	EndGlobalSection
	GlobalSection(ExtensibilityGlobals) = postSolution
		SolutionGuid = {2CCDFEEE-605A-40EF-B9F5-63A92F27E3CD}
	EndGlobalSection
EndGlobal
